
Microsoft Visual Studio Solution File, Format Version 12.00
# Visual Studio Version 17
VisualStudioVersion = 17.4.33213.308
MinimumVisualStudioVersion = 10.0.40219.1
Project("{FAE04EC0-301F-11D3-BF4B-00C04F79EFBC}") = "odev3_interface", "odev3_interface\odev3_interface.csproj", "{5A825E95-47C5-4B50-859A-A3F8821E48A6}"
EndProject
Global
	GlobalSection(SolutionConfigurationPlatforms) = preSolution
		Debug|Any CPU = Debug|Any CPU
		Release|Any CPU = Release|Any CPU
	EndGlobalSection
	GlobalSection(ProjectConfigurationPlatforms) = postSolution
		{5A825E95-47C5-4B50-859A-A3F8821E48A6}.Debug|Any CPU.ActiveCfg = Debug|Any CPU
		{5A825E95-47C5-4B50-859A-A3F8821E48A6}.Debug|Any CPU.Build.0 = Debug|Any CPU
		{5A825E95-47C5-4B50-859A-A3F8821E48A6}.Release|Any CPU.ActiveCfg = Release|Any CPU
		{5A825E95-47C5-4B50-859A-A3F8821E48A6}.Release|Any CPU.Build.0 = Release|Any CPU
	EndGlobalSection
	GlobalSection(SolutionProperties) = preSolution
		HideSolutionNode = FALSE
	EndGlobalSection
	GlobalSection(ExtensibilityGlobals) = postSolution
		SolutionGuid = {EC51512A-9995-4430-86FA-A9414958A0B4}
	EndGlobalSection
EndGlobal
